
Microsoft Visual Studio Solution File, Format Version 12.00
# Visual Studio Version 16
VisualStudioVersion = 16.0.31911.196
MinimumVisualStudioVersion = 10.0.40219.1
Project("{FAE04EC0-301F-11D3-BF4B-00C04F79EFBC}") = "collections", "collections\collections.csproj", "{FFBD8713-D7BD-469A-AD51-B5A0362BB455}"
EndProject
Global
	GlobalSection(SolutionConfigurationPlatforms) = preSolution
		Debug|Any CPU = Debug|Any CPU
		Release|Any CPU = Release|Any CPU
	EndGlobalSection
	GlobalSection(ProjectConfigurationPlatforms) = postSolution
		{FFBD8713-D7BD-469A-AD51-B5A0362BB455}.Debug|Any CPU.ActiveCfg = Debug|Any CPU
		{FFBD8713-D7BD-469A-AD51-B5A0362BB455}.Debug|Any CPU.Build.0 = Debug|Any CPU
		{FFBD8713-D7BD-469A-AD51-B5A0362BB455}.Release|Any CPU.ActiveCfg = Release|Any CPU
		{FFBD8713-D7BD-469A-AD51-B5A0362BB455}.Release|Any CPU.Build.0 = Release|Any CPU
	EndGlobalSection
	GlobalSection(SolutionProperties) = preSolution
		HideSolutionNode = FALSE
	EndGlobalSection
	GlobalSection(ExtensibilityGlobals) = postSolution
		SolutionGuid = {62B4124D-780D-4F43-BD41-DB044BF19BFB}
	EndGlobalSection
EndGlobal
